
Microsoft Visual Studio Solution File, Format Version 12.00
# Visual Studio 15
VisualStudioVersion = 15.0.28307.106
MinimumVisualStudioVersion = 10.0.40219.1
Project("{FAE04EC0-301F-11D3-BF4B-00C04F79EFBC}") = "TextEncoder", "TextEncoder\TextEncoder.csproj", "{AC78BF99-E893-4285-BDEF-F78229671B39}"
EndProject
Global
	GlobalSection(SolutionConfigurationPlatforms) = preSolution
		Debug|Any CPU = Debug|Any CPU
		Release|Any CPU = Release|Any CPU
	EndGlobalSection
	GlobalSection(ProjectConfigurationPlatforms) = postSolution
		{AC78BF99-E893-4285-BDEF-F78229671B39}.Debug|Any CPU.ActiveCfg = Debug|Any CPU
		{AC78BF99-E893-4285-BDEF-F78229671B39}.Debug|Any CPU.Build.0 = Debug|Any CPU
		{AC78BF99-E893-4285-BDEF-F78229671B39}.Release|Any CPU.ActiveCfg = Release|Any CPU
		{AC78BF99-E893-4285-BDEF-F78229671B39}.Release|Any CPU.Build.0 = Release|Any CPU
	EndGlobalSection
	GlobalSection(SolutionProperties) = preSolution
		HideSolutionNode = FALSE
	EndGlobalSection
	GlobalSection(ExtensibilityGlobals) = postSolution
		SolutionGuid = {C44C1C1D-92C4-4972-B9EE-8871AC448DE4}
	EndGlobalSection
EndGlobal
